
Microsoft Visual Studio Solution File, Format Version 12.00
# Visual Studio Version 17
VisualStudioVersion = 17.0.31903.59
MinimumVisualStudioVersion = 10.0.40219.1
Project("{FAE04EC0-301F-11D3-BF4B-00C04F79EFBC}") = "InventoryApi", "InventoryApi.csproj", "{6148E74B-B567-4D40-9F02-96FD0962C0D7}"
EndProject
Project("{FAE04EC0-301F-11D3-BF4B-00C04F79EFBC}") = "InventoryApi.Tests", "InventoryApi.Tests\InventoryApi.Tests.csproj", "{2B9C524E-F1E9-4198-9471-BBAED9520EA6}"
EndProject
Global
	GlobalSection(SolutionConfigurationPlatforms) = preSolution
		Debug|Any CPU = Debug|Any CPU
		Release|Any CPU = Release|Any CPU
	EndGlobalSection
	GlobalSection(SolutionProperties) = preSolution
		HideSolutionNode = FALSE
	EndGlobalSection
	GlobalSection(ProjectConfigurationPlatforms) = postSolution
		{6148E74B-B567-4D40-9F02-96FD0962C0D7}.Debug|Any CPU.ActiveCfg = Debug|Any CPU
		{6148E74B-B567-4D40-9F02-96FD0962C0D7}.Debug|Any CPU.Build.0 = Debug|Any CPU
		{6148E74B-B567-4D40-9F02-96FD0962C0D7}.Release|Any CPU.ActiveCfg = Release|Any CPU
		{6148E74B-B567-4D40-9F02-96FD0962C0D7}.Release|Any CPU.Build.0 = Release|Any CPU
		{2B9C524E-F1E9-4198-9471-BBAED9520EA6}.Debug|Any CPU.ActiveCfg = Debug|Any CPU
		{2B9C524E-F1E9-4198-9471-BBAED9520EA6}.Debug|Any CPU.Build.0 = Debug|Any CPU
		{2B9C524E-F1E9-4198-9471-BBAED9520EA6}.Release|Any CPU.ActiveCfg = Release|Any CPU
		{2B9C524E-F1E9-4198-9471-BBAED9520EA6}.Release|Any CPU.Build.0 = Release|Any CPU
	EndGlobalSection
EndGlobal
